
Microsoft Visual Studio Solution File, Format Version 12.00
# Visual Studio 15
VisualStudioVersion = 15.0.28307.271
MinimumVisualStudioVersion = 10.0.40219.1
Project("{FAE04EC0-301F-11D3-BF4B-00C04F79EFBC}") = "SEClient", "SEClient\SEClient.csproj", "{D0F02520-1097-4DC3-A75B-6FEAF4D895A8}"
EndProject
Global
	GlobalSection(SolutionConfigurationPlatforms) = preSolution
		Debug|Any CPU = Debug|Any CPU
		Release|Any CPU = Release|Any CPU
	EndGlobalSection
	GlobalSection(ProjectConfigurationPlatforms) = postSolution
		{D0F02520-1097-4DC3-A75B-6FEAF4D895A8}.Debug|Any CPU.ActiveCfg = Debug|Any CPU
		{D0F02520-1097-4DC3-A75B-6FEAF4D895A8}.Debug|Any CPU.Build.0 = Debug|Any CPU
		{D0F02520-1097-4DC3-A75B-6FEAF4D895A8}.Release|Any CPU.ActiveCfg = Release|Any CPU
		{D0F02520-1097-4DC3-A75B-6FEAF4D895A8}.Release|Any CPU.Build.0 = Release|Any CPU
	EndGlobalSection
	GlobalSection(SolutionProperties) = preSolution
		HideSolutionNode = FALSE
	EndGlobalSection
	GlobalSection(ExtensibilityGlobals) = postSolution
		SolutionGuid = {49D52960-7AE9-4389-BD92-E66C4AE5E7D6}
	EndGlobalSection
EndGlobal
